<?xml version="1.0" encoding="utf-8"?>
<Project ToolsVersion="4.0" xmlns="http://schemas.microsoft.com/developer/msbuild/2003">
  <ItemGroup>
    <Filter Include="리소스 파일">
      <UniqueIdentifier>{67DA6AB6-F800-4c08-8B7A-83BB121AAD01}</UniqueIdentifier>
      <Extensions>rc;ico;cur;bmp;dlg;rc2;rct;bin;rgs;gif;jpg;jpeg;jpe;resx;tiff;tif;png;wav;mfcribbon-ms</Extensions>
    </Filter>
    <Filter Include="Others">
      <UniqueIdentifier>{00469a9d-2627-4428-8a49-0a684357994a}</UniqueIdentifier>
    </Filter>
    <Filter Include="01.Engine">
      <UniqueIdentifier>{aa354110-ca15-4f8a-83ad-d6e10211e7af}</UniqueIdentifier>
    </Filter>
    <Filter Include="01.Engine\Pipeline">
      <UniqueIdentifier>{7df4fede-88d5-4f28-9dff-d1bedbf4868c}</UniqueIdentifier>
    </Filter>
    <Filter Include="01.Engine\Pipeline\00.Geometry">
      <UniqueIdentifier>{ede444fd-1116-4c70-a1f0-f4b1cfd579fa}</UniqueIdentifier>
    </Filter>
    <Filter Include="01.Engine\Pipeline\01.IA">
      <UniqueIdentifier>{26564c10-0a1f-4c01-ba27-c612c8bd7c98}</UniqueIdentifier>
    </Filter>
    <Filter Include="01.Engine\Pipeline\02.VS">
      <UniqueIdentifier>{f50ddc29-4c16-4b2f-90dd-a5d75b81375b}</UniqueIdentifier>
    </Filter>
    <Filter Include="01.Engine\Pipeline\03.RS">
      <UniqueIdentifier>{5cc488aa-a08a-4af5-8857-833e0b7cd458}</UniqueIdentifier>
    </Filter>
    <Filter Include="01.Engine\Pipeline\04.PS">
      <UniqueIdentifier>{8dc7b758-d6b6-4e98-b767-64b6bd9b2bd6}</UniqueIdentifier>
    </Filter>
    <Filter Include="01.Engine\Pipeline\05.OM">
      <UniqueIdentifier>{074994e5-a662-4a4d-a31c-0e6267bcfd42}</UniqueIdentifier>
    </Filter>
    <Filter Include="01.Engine\GameObject">
      <UniqueIdentifier>{86d50082-c447-4b20-b43b-c82e3a5457be}</UniqueIdentifier>
    </Filter>
    <Filter Include="01.Engine\Component">
      <UniqueIdentifier>{bf3b1b0b-764c-405f-88c4-5840b612bebc}</UniqueIdentifier>
    </Filter>
    <Filter Include="99.Headers">
      <UniqueIdentifier>{392cc0b8-7b30-415d-9ca0-f3cbd503c061}</UniqueIdentifier>
    </Filter>
    <Filter Include="98.Shaders">
      <UniqueIdentifier>{edb7cff1-4847-4a06-9956-1942c39595d3}</UniqueIdentifier>
    </Filter>
    <Filter Include="99.Headers\Utils">
      <UniqueIdentifier>{0a894058-5aea-42f3-a2c9-ef6b914fff94}</UniqueIdentifier>
    </Filter>
    <Filter Include="01.Engine\Component\Animation">
      <UniqueIdentifier>{ced4ef36-75a1-4412-bd26-bd8ed1c44073}</UniqueIdentifier>
    </Filter>
    <Filter Include="01.Engine\Component\Camera">
      <UniqueIdentifier>{d42e51a0-235c-481f-870b-e641db0845a2}</UniqueIdentifier>
    </Filter>
    <Filter Include="01.Engine\Component\Renderer">
      <UniqueIdentifier>{f127078e-1f8c-4fc4-a2e4-7abe46a36d46}</UniqueIdentifier>
    </Filter>
    <Filter Include="01.Engine\Manager">
      <UniqueIdentifier>{f8d80323-d8be-4f52-88fe-fa7fd17dd3f6}</UniqueIdentifier>
    </Filter>
    <Filter Include="01.Engine\Manager\Input">
      <UniqueIdentifier>{66df8c10-70fd-47ed-9424-9493ed7a56b3}</UniqueIdentifier>
    </Filter>
    <Filter Include="01.Engine\Manager\Time">
      <UniqueIdentifier>{9dcea6ab-96b6-4f49-8e2c-eb9d38f7119b}</UniqueIdentifier>
    </Filter>
    <Filter Include="01.Engine\Manager\Scene">
      <UniqueIdentifier>{fc7c63d5-0dbb-4db0-b695-a602b7c71679}</UniqueIdentifier>
    </Filter>
    <Filter Include="01.Engine\Manager\ResourceBase">
      <UniqueIdentifier>{70e7eaa9-c79a-4277-8885-4f80f33b908f}</UniqueIdentifier>
    </Filter>
    <Filter Include="01.Engine\Resource">
      <UniqueIdentifier>{066859fb-c413-448c-b9e5-f76c5c9465d8}</UniqueIdentifier>
    </Filter>
    <Filter Include="01.Engine\Manager\Render">
      <UniqueIdentifier>{21bd1dd0-8e5a-4eb4-8241-58e868f50cf0}</UniqueIdentifier>
    </Filter>
  </ItemGroup>
  <ItemGroup>
    <ClInclude Include="pch.h">
      <Filter>99.Headers</Filter>
    </ClInclude>
    <ClInclude Include="Struct.h">
      <Filter>99.Headers</Filter>
    </ClInclude>
    <ClInclude Include="Types.h">
      <Filter>99.Headers</Filter>
    </ClInclude>
    <ClInclude Include="Values.h">
      <Filter>99.Headers</Filter>
    </ClInclude>
    <ClInclude Include="framework.h">
      <Filter>99.Headers</Filter>
    </ClInclude>
    <ClInclude Include="DX11Engine.h">
      <Filter>01.Engine</Filter>
    </ClInclude>
    <ClInclude Include="Core.h">
      <Filter>01.Engine</Filter>
    </ClInclude>
    <ClInclude Include="Resource.h">
      <Filter>Others</Filter>
    </ClInclude>
    <ClInclude Include="targetver.h">
      <Filter>Others</Filter>
    </ClInclude>
    <ClInclude Include="Geometry.h">
      <Filter>01.Engine\Pipeline\00.Geometry</Filter>
    </ClInclude>
    <ClInclude Include="GeometryHelper.h">
      <Filter>01.Engine\Pipeline\00.Geometry</Filter>
    </ClInclude>
    <ClInclude Include="VertexData.h">
      <Filter>01.Engine\Pipeline\00.Geometry</Filter>
    </ClInclude>
    <ClInclude Include="Pipeline.h">
      <Filter>01.Engine\Pipeline</Filter>
    </ClInclude>
    <ClInclude Include="PixelShader.h">
      <Filter>01.Engine\Pipeline\04.PS</Filter>
    </ClInclude>
    <ClInclude Include="ConstantBuffer.h">
      <Filter>01.Engine\Pipeline\04.PS</Filter>
    </ClInclude>
    <ClInclude Include="SamplerState.h">
      <Filter>01.Engine\Pipeline\04.PS</Filter>
    </ClInclude>
    <ClInclude Include="RasterizerState.h">
      <Filter>01.Engine\Pipeline\03.RS</Filter>
    </ClInclude>
    <ClInclude Include="ShaderBase.h">
      <Filter>01.Engine\Pipeline\02.VS</Filter>
    </ClInclude>
    <ClInclude Include="VertexShader.h">
      <Filter>01.Engine\Pipeline\02.VS</Filter>
    </ClInclude>
    <ClInclude Include="IndexBuffer.h">
      <Filter>01.Engine\Pipeline\01.IA</Filter>
    </ClInclude>
    <ClInclude Include="InputLayout.h">
      <Filter>01.Engine\Pipeline\01.IA</Filter>
    </ClInclude>
    <ClInclude Include="VertexBuffer.h">
      <Filter>01.Engine\Pipeline\01.IA</Filter>
    </ClInclude>
    <ClInclude Include="BlendState.h">
      <Filter>01.Engine\Pipeline\05.OM</Filter>
    </ClInclude>
    <ClInclude Include="GameObject.h">
      <Filter>01.Engine\GameObject</Filter>
    </ClInclude>
    <ClInclude Include="Graphics.h">
      <Filter>01.Engine\Pipeline</Filter>
    </ClInclude>
    <ClInclude Include="Component.h">
      <Filter>01.Engine\Component</Filter>
    </ClInclude>
    <ClInclude Include="Transform.h">
      <Filter>01.Engine\Component</Filter>
    </ClInclude>
    <ClInclude Include="SimpleMath.h">
      <Filter>99.Headers\Utils</Filter>
    </ClInclude>
    <ClInclude Include="Camera.h">
      <Filter>01.Engine\Component\Camera</Filter>
    </ClInclude>
    <ClInclude Include="MeshRenderer.h">
      <Filter>01.Engine\Component\Renderer</Filter>
    </ClInclude>
    <ClInclude Include="Scene.h">
      <Filter>01.Engine\Manager\Scene</Filter>
    </ClInclude>
    <ClInclude Include="SceneManager.h">
      <Filter>01.Engine\Manager\Scene</Filter>
    </ClInclude>
    <ClInclude Include="InputManager.h">
      <Filter>01.Engine\Manager\Input</Filter>
    </ClInclude>
    <ClInclude Include="TimeManager.h">
      <Filter>01.Engine\Manager\Time</Filter>
    </ClInclude>
    <ClInclude Include="ResourceBase.h">
      <Filter>01.Engine\Manager\ResourceBase</Filter>
    </ClInclude>
    <ClInclude Include="MonoBehaviour.h">
      <Filter>01.Engine\Component</Filter>
    </ClInclude>
    <ClInclude Include="Texture.h">
      <Filter>01.Engine\Resource</Filter>
    </ClInclude>
    <ClInclude Include="ResourceManager.h">
      <Filter>01.Engine\Manager\ResourceBase</Filter>
    </ClInclude>
    <ClInclude Include="Shader.h">
      <Filter>01.Engine\Resource</Filter>
    </ClInclude>
    <ClInclude Include="Animation.h">
      <Filter>01.Engine\Resource</Filter>
    </ClInclude>
    <ClInclude Include="Material.h">
      <Filter>01.Engine\Resource</Filter>
    </ClInclude>
    <ClInclude Include="Mesh.h">
      <Filter>01.Engine\Resource</Filter>
    </ClInclude>
    <ClInclude Include="RenderManager.h">
      <Filter>01.Engine\Manager\Render</Filter>
    </ClInclude>
    <ClInclude Include="RenderHelper.h">
      <Filter>01.Engine\Manager\Render</Filter>
    </ClInclude>
    <ClInclude Include="Animator.h">
      <Filter>01.Engine\Component\Animation</Filter>
    </ClInclude>
    <ClInclude Include="CameraMove.h" />
    <ClInclude Include="tinyxml2.h">
      <Filter>99.Headers\Utils</Filter>
    </ClInclude>
  </ItemGroup>
  <ItemGroup>
    <ResourceCompile Include="DX11Engine.rc">
      <Filter>리소스 파일</Filter>
    </ResourceCompile>
  </ItemGroup>
  <ItemGroup>
    <Image Include="small.ico">
      <Filter>리소스 파일</Filter>
    </Image>
    <Image Include="DX11Engine.ico">
      <Filter>리소스 파일</Filter>
    </Image>
  </ItemGroup>
  <ItemGroup>
    <ClCompile Include="DX11Engine.cpp">
      <Filter>01.Engine</Filter>
    </ClCompile>
    <ClCompile Include="Core.cpp">
      <Filter>01.Engine</Filter>
    </ClCompile>
    <ClCompile Include="Geometry.cpp">
      <Filter>01.Engine\Pipeline\00.Geometry</Filter>
    </ClCompile>
    <ClCompile Include="GeometryHelper.cpp">
      <Filter>01.Engine\Pipeline\00.Geometry</Filter>
    </ClCompile>
    <ClCompile Include="VertexData.cpp">
      <Filter>01.Engine\Pipeline\00.Geometry</Filter>
    </ClCompile>
    <ClCompile Include="Pipeline.cpp">
      <Filter>01.Engine\Pipeline</Filter>
    </ClCompile>
    <ClCompile Include="PixelShader.cpp">
      <Filter>01.Engine\Pipeline\04.PS</Filter>
    </ClCompile>
    <ClCompile Include="ConstantBuffer.cpp">
      <Filter>01.Engine\Pipeline\04.PS</Filter>
    </ClCompile>
    <ClCompile Include="SamplerState.cpp">
      <Filter>01.Engine\Pipeline\04.PS</Filter>
    </ClCompile>
    <ClCompile Include="RasterizerState.cpp">
      <Filter>01.Engine\Pipeline\03.RS</Filter>
    </ClCompile>
    <ClCompile Include="ShaderBase.cpp">
      <Filter>01.Engine\Pipeline\02.VS</Filter>
    </ClCompile>
    <ClCompile Include="VertexShader.cpp">
      <Filter>01.Engine\Pipeline\02.VS</Filter>
    </ClCompile>
    <ClCompile Include="IndexBuffer.cpp">
      <Filter>01.Engine\Pipeline\01.IA</Filter>
    </ClCompile>
    <ClCompile Include="InputLayout.cpp">
      <Filter>01.Engine\Pipeline\01.IA</Filter>
    </ClCompile>
    <ClCompile Include="VertexBuffer.cpp">
      <Filter>01.Engine\Pipeline\01.IA</Filter>
    </ClCompile>
    <ClCompile Include="BlendState.cpp">
      <Filter>01.Engine\Pipeline\05.OM</Filter>
    </ClCompile>
    <ClCompile Include="GameObject.cpp">
      <Filter>01.Engine\GameObject</Filter>
    </ClCompile>
    <ClCompile Include="Graphics.cpp">
      <Filter>01.Engine\Pipeline</Filter>
    </ClCompile>
    <ClCompile Include="Component.cpp">
      <Filter>01.Engine\Component</Filter>
    </ClCompile>
    <ClCompile Include="Transform.cpp">
      <Filter>01.Engine\Component</Filter>
    </ClCompile>
    <ClCompile Include="SimpleMath.cpp">
      <Filter>99.Headers\Utils</Filter>
    </ClCompile>
    <ClCompile Include="Camera.cpp">
      <Filter>01.Engine\Component\Camera</Filter>
    </ClCompile>
    <ClCompile Include="MeshRenderer.cpp">
      <Filter>01.Engine\Component\Renderer</Filter>
    </ClCompile>
    <ClCompile Include="Scene.cpp">
      <Filter>01.Engine\Manager\Scene</Filter>
    </ClCompile>
    <ClCompile Include="SceneManager.cpp">
      <Filter>01.Engine\Manager\Scene</Filter>
    </ClCompile>
    <ClCompile Include="InputManager.cpp">
      <Filter>01.Engine\Manager\Input</Filter>
    </ClCompile>
    <ClCompile Include="TimeManager.cpp">
      <Filter>01.Engine\Manager\Time</Filter>
    </ClCompile>
    <ClCompile Include="ResourceBase.cpp">
      <Filter>01.Engine\Manager\ResourceBase</Filter>
    </ClCompile>
    <ClCompile Include="MonoBehaviour.cpp">
      <Filter>01.Engine\Component</Filter>
    </ClCompile>
    <ClCompile Include="Texture.cpp">
      <Filter>01.Engine\Resource</Filter>
    </ClCompile>
    <ClCompile Include="ResourceManager.cpp">
      <Filter>01.Engine\Manager\ResourceBase</Filter>
    </ClCompile>
    <ClCompile Include="Shader.cpp">
      <Filter>01.Engine\Resource</Filter>
    </ClCompile>
    <ClCompile Include="Animation.cpp">
      <Filter>01.Engine\Resource</Filter>
    </ClCompile>
    <ClCompile Include="Material.cpp">
      <Filter>01.Engine\Resource</Filter>
    </ClCompile>
    <ClCompile Include="Mesh.cpp">
      <Filter>01.Engine\Resource</Filter>
    </ClCompile>
    <ClCompile Include="RenderManager.cpp">
      <Filter>01.Engine\Manager\Render</Filter>
    </ClCompile>
    <ClCompile Include="RenderHelper.cpp">
      <Filter>01.Engine\Manager\Render</Filter>
    </ClCompile>
    <ClCompile Include="Animator.cpp">
      <Filter>01.Engine\Component\Animation</Filter>
    </ClCompile>
    <ClCompile Include="CameraMove.cpp" />
    <ClCompile Include="tinyxml2.cpp">
      <Filter>99.Headers\Utils</Filter>
    </ClCompile>
  </ItemGroup>
  <ItemGroup>
    <FxCompile Include="Default.hlsl">
      <Filter>98.Shaders</Filter>
    </FxCompile>
  </ItemGroup>
  <ItemGroup>
    <None Include="SimpleMath.inl">
      <Filter>99.Headers\Utils</Filter>
    </None>
  </ItemGroup>
</Project>