<?xml version="1.0" encoding="utf-8"?>
<Project ToolsVersion="4.0" xmlns="http://schemas.microsoft.com/developer/msbuild/2003">
  <ItemGroup>
    <ClInclude Include="pch.h">
      <Filter>Main</Filter>
    </ClInclude>
    <ClInclude Include="TriangleDemo.h">
      <Filter>Game</Filter>
    </ClInclude>
    <ClInclude Include="Main.h">
      <Filter>Main</Filter>
    </ClInclude>
    <ClInclude Include="QuadDemo.h">
      <Filter>Game</Filter>
    </ClInclude>
    <ClInclude Include="ConstantBufferDemo.h">
      <Filter>Game</Filter>
    </ClInclude>
    <ClInclude Include="CameraDemo.h">
      <Filter>Game</Filter>
    </ClInclude>
    <ClInclude Include="CameraScript.h" />
    <ClInclude Include="TextureDemo.h">
      <Filter>Game</Filter>
    </ClInclude>
    <ClInclude Include="SamplerDemo.h">
      <Filter>Game</Filter>
    </ClInclude>
    <ClInclude Include="HeightMapDemo.h">
      <Filter>Game</Filter>
    </ClInclude>
    <ClInclude Include="NormalDemo.h">
      <Filter>Game</Filter>
    </ClInclude>
    <ClInclude Include="MeshDemo.h">
      <Filter>Game</Filter>
    </ClInclude>
  </ItemGroup>
  <ItemGroup>
    <ClCompile Include="Main.cpp">
      <Filter>Main</Filter>
    </ClCompile>
    <ClCompile Include="pch.cpp">
      <Filter>Main</Filter>
    </ClCompile>
    <ClCompile Include="TriangleDemo.cpp">
      <Filter>Game</Filter>
    </ClCompile>
    <ClCompile Include="QuadDemo.cpp">
      <Filter>Game</Filter>
    </ClCompile>
    <ClCompile Include="ConstantBufferDemo.cpp">
      <Filter>Game</Filter>
    </ClCompile>
    <ClCompile Include="CameraDemo.cpp">
      <Filter>Game</Filter>
    </ClCompile>
    <ClCompile Include="CameraScript.cpp" />
    <ClCompile Include="TextureDemo.cpp">
      <Filter>Game</Filter>
    </ClCompile>
    <ClCompile Include="SamplerDemo.cpp">
      <Filter>Game</Filter>
    </ClCompile>
    <ClCompile Include="HeightMapDemo.cpp">
      <Filter>Game</Filter>
    </ClCompile>
    <ClCompile Include="NormalDemo.cpp">
      <Filter>Game</Filter>
    </ClCompile>
    <ClCompile Include="MeshDemo.cpp">
      <Filter>Game</Filter>
    </ClCompile>
  </ItemGroup>
  <ItemGroup>
    <Filter Include="Game">
      <UniqueIdentifier>{c2a49ab0-5d29-4be7-9604-b2b6b29ef22c}</UniqueIdentifier>
    </Filter>
    <Filter Include="Main">
      <UniqueIdentifier>{fcee13a3-9efc-41c1-a3dd-d4bcf86361fe}</UniqueIdentifier>
    </Filter>
    <Filter Include="Shaders">
      <UniqueIdentifier>{8fc0f45a-ec16-4ee8-8b3f-65257ff3ec35}</UniqueIdentifier>
    </Filter>
    <Filter Include="Main\Camera">
      <UniqueIdentifier>{db4c7f56-52bd-488b-a479-7b89f3a3396c}</UniqueIdentifier>
    </Filter>
  </ItemGroup>
  <ItemGroup>
    <FxCompile Include="..\Shaders\Triangle.fx">
      <Filter>Shaders</Filter>
    </FxCompile>
    <FxCompile Include="..\Shaders\Quad.fx">
      <Filter>Shaders</Filter>
    </FxCompile>
    <FxCompile Include="..\Shaders\ConstantBuffer.fx">
      <Filter>Shaders</Filter>
    </FxCompile>
    <FxCompile Include="..\Shaders\Texture.fx">
      <Filter>Shaders</Filter>
    </FxCompile>
    <FxCompile Include="..\Shaders\Sampler.fx">
      <Filter>Shaders</Filter>
    </FxCompile>
    <FxCompile Include="..\Shaders\Terrain.fx">
      <Filter>Shaders</Filter>
    </FxCompile>
    <FxCompile Include="..\Shaders\Normal.fx">
      <Filter>Shaders</Filter>
    </FxCompile>
  </ItemGroup>
</Project>